
Microsoft Visual Studio Solution File, Format Version 12.00
# Visual Studio Version 16
VisualStudioVersion = 16.0.31729.503
MinimumVisualStudioVersion = 10.0.40219.1
Project("{FAE04EC0-301F-11D3-BF4B-00C04F79EFBC}") = "Stimulacije_2022", "Stimulacije_2022\Stimulacije_2022.csproj", "{D4CECD23-1802-493C-8FC4-BC5DE0D2D369}"
EndProject
Global
	GlobalSection(SolutionConfigurationPlatforms) = preSolution
		Debug|Any CPU = Debug|Any CPU
		Release|Any CPU = Release|Any CPU
	EndGlobalSection
	GlobalSection(ProjectConfigurationPlatforms) = postSolution
		{D4CECD23-1802-493C-8FC4-BC5DE0D2D369}.Debug|Any CPU.ActiveCfg = Debug|Any CPU
		{D4CECD23-1802-493C-8FC4-BC5DE0D2D369}.Debug|Any CPU.Build.0 = Debug|Any CPU
		{D4CECD23-1802-493C-8FC4-BC5DE0D2D369}.Release|Any CPU.ActiveCfg = Release|Any CPU
		{D4CECD23-1802-493C-8FC4-BC5DE0D2D369}.Release|Any CPU.Build.0 = Release|Any CPU
	EndGlobalSection
	GlobalSection(SolutionProperties) = preSolution
		HideSolutionNode = FALSE
	EndGlobalSection
	GlobalSection(ExtensibilityGlobals) = postSolution
		SolutionGuid = {6EA6D10E-7D4E-40FB-A0B6-F584D3BBFCAB}
	EndGlobalSection
EndGlobal
